
Microsoft Visual Studio Solution File, Format Version 12.00
# Visual Studio Version 16
VisualStudioVersion = 16.0.31025.194
MinimumVisualStudioVersion = 10.0.40219.1
Project("{FAE04EC0-301F-11D3-BF4B-00C04F79EFBC}") = "DalCreator", "DalCreator\DalCreator.csproj", "{C939140F-2DB4-4927-8AFC-A1235A6CF257}"
EndProject
Global
	GlobalSection(SolutionConfigurationPlatforms) = preSolution
		Debug|Any CPU = Debug|Any CPU
		Release|Any CPU = Release|Any CPU
	EndGlobalSection
	GlobalSection(ProjectConfigurationPlatforms) = postSolution
		{C939140F-2DB4-4927-8AFC-A1235A6CF257}.Debug|Any CPU.ActiveCfg = Debug|Any CPU
		{C939140F-2DB4-4927-8AFC-A1235A6CF257}.Debug|Any CPU.Build.0 = Debug|Any CPU
		{C939140F-2DB4-4927-8AFC-A1235A6CF257}.Release|Any CPU.ActiveCfg = Release|Any CPU
		{C939140F-2DB4-4927-8AFC-A1235A6CF257}.Release|Any CPU.Build.0 = Release|Any CPU
	EndGlobalSection
	GlobalSection(SolutionProperties) = preSolution
		HideSolutionNode = FALSE
	EndGlobalSection
	GlobalSection(ExtensibilityGlobals) = postSolution
		SolutionGuid = {4AFEC677-EDBA-4A58-AF86-BE6DE0BCD8AB}
	EndGlobalSection
EndGlobal
